
Microsoft Visual Studio Solution File, Format Version 12.00
# Visual Studio Version 17
VisualStudioVersion = 17.14.36705.20
MinimumVisualStudioVersion = 10.0.40219.1
Project("{FAE04EC0-301F-11D3-BF4B-00C04F79EFBC}") = "CaesarCipher", "CaesarCipher.csproj", "{BC29D555-73EB-485E-8BC4-B677BE331F2F}"
EndProject
Global
	GlobalSection(SolutionConfigurationPlatforms) = preSolution
		Debug|Any CPU = Debug|Any CPU
		Release|Any CPU = Release|Any CPU
	EndGlobalSection
	GlobalSection(ProjectConfigurationPlatforms) = postSolution
		{BC29D555-73EB-485E-8BC4-B677BE331F2F}.Debug|Any CPU.ActiveCfg = Debug|Any CPU
		{BC29D555-73EB-485E-8BC4-B677BE331F2F}.Debug|Any CPU.Build.0 = Debug|Any CPU
		{BC29D555-73EB-485E-8BC4-B677BE331F2F}.Release|Any CPU.ActiveCfg = Release|Any CPU
		{BC29D555-73EB-485E-8BC4-B677BE331F2F}.Release|Any CPU.Build.0 = Release|Any CPU
	EndGlobalSection
	GlobalSection(SolutionProperties) = preSolution
		HideSolutionNode = FALSE
	EndGlobalSection
	GlobalSection(ExtensibilityGlobals) = postSolution
		SolutionGuid = {02BE7FCC-2796-4C10-9DC8-2DBDF74C3FC4}
	EndGlobalSection
EndGlobal
